<?xml version="1.0" encoding="utf-8"?>
<Project ToolsVersion="4.0" xmlns="http://schemas.microsoft.com/developer/msbuild/2003">
  <ItemGroup>
    <Filter Include="Source Files">
      <UniqueIdentifier>{4FC737F1-C7A5-4376-A066-2A32D752A2FF}</UniqueIdentifier>
      <Extensions>cpp;c;cc;cxx;c++;cppm;ixx;def;odl;idl;hpj;bat;asm;asmx</Extensions>
    </Filter>
    <Filter Include="Header Files">
      <UniqueIdentifier>{93995380-89BD-4b04-88EB-625FBE52EBFB}</UniqueIdentifier>
      <Extensions>h;hh;hpp;hxx;h++;hm;inl;inc;ipp;xsd</Extensions>
    </Filter>
    <Filter Include="Resource Files">
      <UniqueIdentifier>{67DA6AB6-F800-4c08-8B7A-83BB121AAD01}</UniqueIdentifier>
      <Extensions>rc;ico;cur;bmp;dlg;rc2;rct;bin;rgs;gif;jpg;jpeg;jpe;resx;tiff;tif;png;wav;mfcribbon-ms</Extensions>
    </Filter>
    <Filter Include="Header Files\Enums">
      <UniqueIdentifier>{6929845c-5dcd-40a0-8165-f8e902499b93}</UniqueIdentifier>
    </Filter>
  </ItemGroup>
  <ItemGroup>
    <ClCompile Include="Board.cpp">
      <Filter>Source Files</Filter>
    </ClCompile>
    <ClCompile Include="Canvas.cpp">
      <Filter>Source Files</Filter>
    </ClCompile>
    <ClCompile Include="Console.cpp">
      <Filter>Source Files</Filter>
    </ClCompile>
    <ClCompile Include="Core.cpp">
      <Filter>Source Files</Filter>
    </ClCompile>
    <ClCompile Include="GameScreen.cpp">
      <Filter>Source Files</Filter>
    </ClCompile>
    <ClCompile Include="Hud.cpp">
      <Filter>Source Files</Filter>
    </ClCompile>
    <ClCompile Include="InfoScreen.cpp">
      <Filter>Source Files</Filter>
    </ClCompile>
    <ClCompile Include="Main.cpp">
      <Filter>Source Files</Filter>
    </ClCompile>
    <ClCompile Include="MenuScreen.cpp">
      <Filter>Source Files</Filter>
    </ClCompile>
    <ClCompile Include="Piece.cpp">
      <Filter>Source Files</Filter>
    </ClCompile>
    <ClCompile Include="Shape.cpp">
      <Filter>Source Files</Filter>
    </ClCompile>
  </ItemGroup>
  <ItemGroup>
    <ClInclude Include="Board.h">
      <Filter>Header Files</Filter>
    </ClInclude>
    <ClInclude Include="Canvas.h">
      <Filter>Header Files</Filter>
    </ClInclude>
    <ClInclude Include="Console.h">
      <Filter>Header Files</Filter>
    </ClInclude>
    <ClInclude Include="Core.h">
      <Filter>Header Files</Filter>
    </ClInclude>
    <ClInclude Include="GameScreen.h">
      <Filter>Header Files</Filter>
    </ClInclude>
    <ClInclude Include="Hud.h">
      <Filter>Header Files</Filter>
    </ClInclude>
    <ClInclude Include="InfoScreen.h">
      <Filter>Header Files</Filter>
    </ClInclude>
    <ClInclude Include="MathUtil.h">
      <Filter>Header Files</Filter>
    </ClInclude>
    <ClInclude Include="MenuScreen.h">
      <Filter>Header Files</Filter>
    </ClInclude>
    <ClInclude Include="Piece.h">
      <Filter>Header Files</Filter>
    </ClInclude>
    <ClInclude Include="Screen.h">
      <Filter>Header Files</Filter>
    </ClInclude>
    <ClInclude Include="Shape.h">
      <Filter>Header Files</Filter>
    </ClInclude>
    <ClInclude Include="EConsole.h">
      <Filter>Header Files\Enums</Filter>
    </ClInclude>
    <ClInclude Include="EPixel.h">
      <Filter>Header Files\Enums</Filter>
    </ClInclude>
    <ClInclude Include="EDirection.h">
      <Filter>Header Files\Enums</Filter>
    </ClInclude>
    <ClInclude Include="ECanvas.h">
      <Filter>Header Files\Enums</Filter>
    </ClInclude>
    <ClInclude Include="EChar.h">
      <Filter>Header Files\Enums</Filter>
    </ClInclude>
    <ClInclude Include="EBoard.h">
      <Filter>Header Files\Enums</Filter>
    </ClInclude>
    <ClInclude Include="EGameState.h">
      <Filter>Header Files\Enums</Filter>
    </ClInclude>
    <ClInclude Include="ETimeStep.h">
      <Filter>Header Files\Enums</Filter>
    </ClInclude>
    <ClInclude Include="EPiece.h">
      <Filter>Header Files\Enums</Filter>
    </ClInclude>
    <ClInclude Include="EColor.h">
      <Filter>Header Files\Enums</Filter>
    </ClInclude>
    <ClInclude Include="EForegroundColor.h">
      <Filter>Header Files\Enums</Filter>
    </ClInclude>
    <ClInclude Include="EBackgroundColor.h">
      <Filter>Header Files\Enums</Filter>
    </ClInclude>
    <ClInclude Include="EKeys.h">
      <Filter>Header Files\Enums</Filter>
    </ClInclude>
  </ItemGroup>
</Project>